
Microsoft Visual Studio Solution File, Format Version 12.00
# Visual Studio Version 16
VisualStudioVersion = 16.0.30406.217
MinimumVisualStudioVersion = 10.0.40219.1
Project("{FAE04EC0-301F-11D3-BF4B-00C04F79EFBC}") = "СРМ Солюшнс Task", "СРМ Солюшнс Task\СРМ Солюшнс Task.csproj", "{19CEA88B-9409-4DB3-AAF0-90F52436ECA8}"
EndProject
Global
	GlobalSection(SolutionConfigurationPlatforms) = preSolution
		Debug|Any CPU = Debug|Any CPU
		Release|Any CPU = Release|Any CPU
	EndGlobalSection
	GlobalSection(ProjectConfigurationPlatforms) = postSolution
		{19CEA88B-9409-4DB3-AAF0-90F52436ECA8}.Debug|Any CPU.ActiveCfg = Debug|Any CPU
		{19CEA88B-9409-4DB3-AAF0-90F52436ECA8}.Debug|Any CPU.Build.0 = Debug|Any CPU
		{19CEA88B-9409-4DB3-AAF0-90F52436ECA8}.Release|Any CPU.ActiveCfg = Release|Any CPU
		{19CEA88B-9409-4DB3-AAF0-90F52436ECA8}.Release|Any CPU.Build.0 = Release|Any CPU
	EndGlobalSection
	GlobalSection(SolutionProperties) = preSolution
		HideSolutionNode = FALSE
	EndGlobalSection
	GlobalSection(ExtensibilityGlobals) = postSolution
		SolutionGuid = {C2C07F99-A8B4-444F-AD26-DA94DC87D322}
	EndGlobalSection
EndGlobal
